
Microsoft Visual Studio Solution File, Format Version 12.00
# Visual Studio Version 16
VisualStudioVersion = 16.0.30225.117
MinimumVisualStudioVersion = 10.0.40219.1
Project("{FAE04EC0-301F-11D3-BF4B-00C04F79EFBC}") = "WisdomAndGrace", "WisdomAndGrace\WisdomAndGrace.csproj", "{417980B0-FE53-46C9-AB04-4B2356F3B96A}"
EndProject
Global
	GlobalSection(SolutionConfigurationPlatforms) = preSolution
		Debug|Any CPU = Debug|Any CPU
		Release|Any CPU = Release|Any CPU
	EndGlobalSection
	GlobalSection(ProjectConfigurationPlatforms) = postSolution
		{417980B0-FE53-46C9-AB04-4B2356F3B96A}.Debug|Any CPU.ActiveCfg = Debug|Any CPU
		{417980B0-FE53-46C9-AB04-4B2356F3B96A}.Debug|Any CPU.Build.0 = Debug|Any CPU
		{417980B0-FE53-46C9-AB04-4B2356F3B96A}.Release|Any CPU.ActiveCfg = Release|Any CPU
		{417980B0-FE53-46C9-AB04-4B2356F3B96A}.Release|Any CPU.Build.0 = Release|Any CPU
	EndGlobalSection
	GlobalSection(SolutionProperties) = preSolution
		HideSolutionNode = FALSE
	EndGlobalSection
	GlobalSection(ExtensibilityGlobals) = postSolution
		SolutionGuid = {6294DF02-58CF-44ED-B705-A0925D64F0EB}
	EndGlobalSection
EndGlobal
